
Microsoft Visual Studio Solution File, Format Version 12.00
# Visual Studio Version 17
VisualStudioVersion = 17.7.34031.279
MinimumVisualStudioVersion = 10.0.40219.1
Project("{FAE04EC0-301F-11D3-BF4B-00C04F79EFBC}") = "INFO_104_Practica_Semana_04", "INFO_104_Practica_Semana_04\INFO_104_Practica_Semana_04.csproj", "{65004C67-D410-4E0A-9714-03019B587768}"
EndProject
Global
	GlobalSection(SolutionConfigurationPlatforms) = preSolution
		Debug|Any CPU = Debug|Any CPU
		Release|Any CPU = Release|Any CPU
	EndGlobalSection
	GlobalSection(ProjectConfigurationPlatforms) = postSolution
		{65004C67-D410-4E0A-9714-03019B587768}.Debug|Any CPU.ActiveCfg = Debug|Any CPU
		{65004C67-D410-4E0A-9714-03019B587768}.Debug|Any CPU.Build.0 = Debug|Any CPU
		{65004C67-D410-4E0A-9714-03019B587768}.Release|Any CPU.ActiveCfg = Release|Any CPU
		{65004C67-D410-4E0A-9714-03019B587768}.Release|Any CPU.Build.0 = Release|Any CPU
	EndGlobalSection
	GlobalSection(SolutionProperties) = preSolution
		HideSolutionNode = FALSE
	EndGlobalSection
	GlobalSection(ExtensibilityGlobals) = postSolution
		SolutionGuid = {AC7D62CE-5D81-4D59-A3A6-409459873B52}
	EndGlobalSection
EndGlobal
